Microsoft Visual Studio Solution File, Format Version 9.00
# Visual Studio 2005
Project("{F184B08F-C81C-45F6-A57F-5ABD9991F28F}") = "WinWebSolution.Module", "WinWebSolution.Module\WinWebSolution.Module.vbproj", "{961A6C14-22FE-48AE-9C78-97027262E5A4}"
	ProjectSection(WebsiteProperties) = preProject
		Debug.AspNetCompiler.Debug = "True"
		Release.AspNetCompiler.Debug = "False"
	EndProjectSection
EndProject
Project("{F184B08F-C81C-45F6-A57F-5ABD9991F28F}") = "WinWebSolution.Module.Web", "WinWebSolution.Module.Web\WinWebSolution.Module.Web.vbproj", "{E280BC8B-AC87-45B4-9113-005370202E1F}"
	ProjectSection(WebsiteProperties) = preProject
		Debug.AspNetCompiler.Debug = "True"
		Release.AspNetCompiler.Debug = "False"
	EndProjectSection
EndProject
Project("{F184B08F-C81C-45F6-A57F-5ABD9991F28F}") = "WinWebSolution.Web", "WinWebSolution.Web\WinWebSolution.Web.vbproj", "{6707206F-54DA-4242-B9AE-436CA0345387}"
	ProjectSection(WebsiteProperties) = preProject
		Debug.AspNetCompiler.Debug = "True"
		Release.AspNetCompiler.Debug = "False"
	EndProjectSection
EndProject
Project("{F184B08F-C81C-45F6-A57F-5ABD9991F28F}") = "WinWebSolution.Module.Win", "WinWebSolution.Module.Win\WinWebSolution.Module.Win.vbproj", "{DE415CEA-CCB0-41CC-949E-C63E601D2FAF}"
	ProjectSection(WebsiteProperties) = preProject
		Debug.AspNetCompiler.Debug = "True"
		Release.AspNetCompiler.Debug = "False"
	EndProjectSection
EndProject
Project("{F184B08F-C81C-45F6-A57F-5ABD9991F28F}") = "WinWebSolution.Win", "WinWebSolution.Win\WinWebSolution.Win.vbproj", "{66F6D2ED-BCD5-45A2-8944-8B003455119E}"
	ProjectSection(WebsiteProperties) = preProject
		Debug.AspNetCompiler.Debug = "True"
		Release.AspNetCompiler.Debug = "False"
	EndProjectSection
EndProject
Global
	GlobalSection(SolutionConfigurationPlatforms) = preSolution
		Debug|Any CPU = Debug|Any CPU
		EasyTest|Any CPU = EasyTest|Any CPU
		Release|Any CPU = Release|Any CPU
	EndGlobalSection
	GlobalSection(ProjectConfigurationPlatforms) = postSolution
		{961A6C14-22FE-48AE-9C78-97027262E5A4}.Debug|Any CPU.ActiveCfg = Debug|Any CPU
		{961A6C14-22FE-48AE-9C78-97027262E5A4}.Debug|Any CPU.Build.0 = Debug|Any CPU
		{961A6C14-22FE-48AE-9C78-97027262E5A4}.EasyTest|Any CPU.ActiveCfg = EasyTest|Any CPU
		{961A6C14-22FE-48AE-9C78-97027262E5A4}.EasyTest|Any CPU.Build.0 = EasyTest|Any CPU
		{961A6C14-22FE-48AE-9C78-97027262E5A4}.Release|Any CPU.ActiveCfg = Release|Any CPU
		{961A6C14-22FE-48AE-9C78-97027262E5A4}.Release|Any CPU.Build.0 = Release|Any CPU
		{E280BC8B-AC87-45B4-9113-005370202E1F}.Debug|Any CPU.ActiveCfg = Debug|Any CPU
		{E280BC8B-AC87-45B4-9113-005370202E1F}.Debug|Any CPU.Build.0 = Debug|Any CPU
		{E280BC8B-AC87-45B4-9113-005370202E1F}.EasyTest|Any CPU.ActiveCfg = EasyTest|Any CPU
		{E280BC8B-AC87-45B4-9113-005370202E1F}.EasyTest|Any CPU.Build.0 = EasyTest|Any CPU
		{E280BC8B-AC87-45B4-9113-005370202E1F}.Release|Any CPU.ActiveCfg = Release|Any CPU
		{E280BC8B-AC87-45B4-9113-005370202E1F}.Release|Any CPU.Build.0 = Release|Any CPU
		{6707206F-54DA-4242-B9AE-436CA0345387}.Debug|Any CPU.ActiveCfg = Debug|Any CPU
		{6707206F-54DA-4242-B9AE-436CA0345387}.Debug|Any CPU.Build.0 = Debug|Any CPU
		{6707206F-54DA-4242-B9AE-436CA0345387}.EasyTest|Any CPU.ActiveCfg = EasyTest|Any CPU
		{6707206F-54DA-4242-B9AE-436CA0345387}.EasyTest|Any CPU.Build.0 = EasyTest|Any CPU
		{6707206F-54DA-4242-B9AE-436CA0345387}.Release|Any CPU.ActiveCfg = Release|Any CPU
		{6707206F-54DA-4242-B9AE-436CA0345387}.Release|Any CPU.Build.0 = Release|Any CPU
		{DE415CEA-CCB0-41CC-949E-C63E601D2FAF}.Debug|Any CPU.ActiveCfg = Debug|Any CPU
		{DE415CEA-CCB0-41CC-949E-C63E601D2FAF}.Debug|Any CPU.Build.0 = Debug|Any CPU
		{DE415CEA-CCB0-41CC-949E-C63E601D2FAF}.EasyTest|Any CPU.ActiveCfg = EasyTest|Any CPU
		{DE415CEA-CCB0-41CC-949E-C63E601D2FAF}.EasyTest|Any CPU.Build.0 = EasyTest|Any CPU
		{DE415CEA-CCB0-41CC-949E-C63E601D2FAF}.Release|Any CPU.ActiveCfg = Release|Any CPU
		{DE415CEA-CCB0-41CC-949E-C63E601D2FAF}.Release|Any CPU.Build.0 = Release|Any CPU
		{66F6D2ED-BCD5-45A2-8944-8B003455119E}.Debug|Any CPU.ActiveCfg = Debug|Any CPU
		{66F6D2ED-BCD5-45A2-8944-8B003455119E}.Debug|Any CPU.Build.0 = Debug|Any CPU
		{66F6D2ED-BCD5-45A2-8944-8B003455119E}.EasyTest|Any CPU.ActiveCfg = EasyTest|Any CPU
		{66F6D2ED-BCD5-45A2-8944-8B003455119E}.EasyTest|Any CPU.Build.0 = EasyTest|Any CPU
		{66F6D2ED-BCD5-45A2-8944-8B003455119E}.Release|Any CPU.ActiveCfg = Release|Any CPU
		{66F6D2ED-BCD5-45A2-8944-8B003455119E}.Release|Any CPU.Build.0 = Release|Any CPU
	EndGlobalSection
	GlobalSection(SolutionProperties) = preSolution
		HideSolutionNode = FALSE
	EndGlobalSection
EndGlobal
